
Microsoft Visual Studio Solution File, Format Version 11.00
# Visual Studio 2010
Project("{FAE04EC0-301F-11D3-BF4B-00C04F79EFBC}") = "Symbology", "Symbology\Symbology.csproj", "{ED71F554-E6D9-44D9-A308-9AABA476ABBE}"
EndProject
Global
	GlobalSection(SolutionConfigurationPlatforms) = preSolution
		Debug|Any CPU = Debug|Any CPU
		Release|Any CPU = Release|Any CPU
	EndGlobalSection
	GlobalSection(ProjectConfigurationPlatforms) = postSolution
		{ED71F554-E6D9-44D9-A308-9AABA476ABBE}.Debug|Any CPU.ActiveCfg = Debug|Any CPU
		{ED71F554-E6D9-44D9-A308-9AABA476ABBE}.Debug|Any CPU.Build.0 = Debug|Any CPU
		{ED71F554-E6D9-44D9-A308-9AABA476ABBE}.Release|Any CPU.ActiveCfg = Release|Any CPU
		{ED71F554-E6D9-44D9-A308-9AABA476ABBE}.Release|Any CPU.Build.0 = Release|Any CPU
	EndGlobalSection
	GlobalSection(SolutionProperties) = preSolution
		HideSolutionNode = FALSE
	EndGlobalSection
EndGlobal
